
Microsoft Visual Studio Solution File, Format Version 12.00
# Visual Studio 2012
Project("{FAE04EC0-301F-11D3-BF4B-00C04F79EFBC}") = "TcmCacheService", "TcmCacheService\TcmCacheService.csproj", "{7D57326E-49A0-433D-AE97-5265ABA7FDF8}"
EndProject
Project("{FAE04EC0-301F-11D3-BF4B-00C04F79EFBC}") = "TcmCDService.ZeroMQ", "..\tcmcdservice\TcmCDService.ZeroMQ\TcmCDService.ZeroMQ.csproj", "{2EA6EC25-81FA-44E0-AE30-58B83E054A19}"
EndProject
Project("{FAE04EC0-301F-11D3-BF4B-00C04F79EFBC}") = "TcmCDService.Common", "..\tcmcdservice\TcmCDService.Common\TcmCDService.Common.csproj", "{1675BEB4-4229-4A9D-A2CE-B0B52DA84E49}"
EndProject
Global
	GlobalSection(SolutionConfigurationPlatforms) = preSolution
		Debug|Any CPU = Debug|Any CPU
		Release|Any CPU = Release|Any CPU
	EndGlobalSection
	GlobalSection(ProjectConfigurationPlatforms) = postSolution
		{7D57326E-49A0-433D-AE97-5265ABA7FDF8}.Debug|Any CPU.ActiveCfg = Debug|Any CPU
		{7D57326E-49A0-433D-AE97-5265ABA7FDF8}.Debug|Any CPU.Build.0 = Debug|Any CPU
		{7D57326E-49A0-433D-AE97-5265ABA7FDF8}.Release|Any CPU.ActiveCfg = Release|Any CPU
		{7D57326E-49A0-433D-AE97-5265ABA7FDF8}.Release|Any CPU.Build.0 = Release|Any CPU
		{2EA6EC25-81FA-44E0-AE30-58B83E054A19}.Debug|Any CPU.ActiveCfg = Debug|Any CPU
		{2EA6EC25-81FA-44E0-AE30-58B83E054A19}.Debug|Any CPU.Build.0 = Debug|Any CPU
		{2EA6EC25-81FA-44E0-AE30-58B83E054A19}.Release|Any CPU.ActiveCfg = Release|Any CPU
		{2EA6EC25-81FA-44E0-AE30-58B83E054A19}.Release|Any CPU.Build.0 = Release|Any CPU
		{1675BEB4-4229-4A9D-A2CE-B0B52DA84E49}.Debug|Any CPU.ActiveCfg = Debug|Any CPU
		{1675BEB4-4229-4A9D-A2CE-B0B52DA84E49}.Debug|Any CPU.Build.0 = Debug|Any CPU
		{1675BEB4-4229-4A9D-A2CE-B0B52DA84E49}.Release|Any CPU.ActiveCfg = Release|Any CPU
		{1675BEB4-4229-4A9D-A2CE-B0B52DA84E49}.Release|Any CPU.Build.0 = Release|Any CPU
	EndGlobalSection
	GlobalSection(SolutionProperties) = preSolution
		HideSolutionNode = FALSE
	EndGlobalSection
EndGlobal
